
Microsoft Visual Studio Solution File, Format Version 12.00
# Visual Studio Version 17
VisualStudioVersion = 17.13.35913.81 d17.13
MinimumVisualStudioVersion = 10.0.40219.1
Project("{FAE04EC0-301F-11D3-BF4B-00C04F79EFBC}") = "telepulesGUI", "telepulesGUI\telepulesGUI.csproj", "{F4282F0B-F45C-404D-9601-139C9C658C45}"
EndProject
Global
	GlobalSection(SolutionConfigurationPlatforms) = preSolution
		Debug|Any CPU = Debug|Any CPU
		Release|Any CPU = Release|Any CPU
	EndGlobalSection
	GlobalSection(ProjectConfigurationPlatforms) = postSolution
		{F4282F0B-F45C-404D-9601-139C9C658C45}.Debug|Any CPU.ActiveCfg = Debug|Any CPU
		{F4282F0B-F45C-404D-9601-139C9C658C45}.Debug|Any CPU.Build.0 = Debug|Any CPU
		{F4282F0B-F45C-404D-9601-139C9C658C45}.Release|Any CPU.ActiveCfg = Release|Any CPU
		{F4282F0B-F45C-404D-9601-139C9C658C45}.Release|Any CPU.Build.0 = Release|Any CPU
	EndGlobalSection
	GlobalSection(SolutionProperties) = preSolution
		HideSolutionNode = FALSE
	EndGlobalSection
	GlobalSection(ExtensibilityGlobals) = postSolution
		SolutionGuid = {A4A96D75-61E2-465B-BA84-F675CBB1ADC7}
	EndGlobalSection
EndGlobal
